
Microsoft Visual Studio Solution File, Format Version 12.00
# Visual Studio Version 17
VisualStudioVersion = 17.2.32427.441
MinimumVisualStudioVersion = 10.0.40219.1
Project("{9A19103F-16F7-4668-BE54-9A1E7A4F7556}") = "Arash.Home.QueryGenerator", "Arash.Home.QueryGenerator\Arash.Home.QueryGenerator.csproj", "{C14C33F8-B58B-482B-B969-E569F5C540CA}"
EndProject
Project("{9A19103F-16F7-4668-BE54-9A1E7A4F7556}") = "Arash.Home.ExcelGenerator", "Arash.Home.ExcelGenerator\Arash.Home.ExcelGenerator.csproj", "{156E50F9-A76B-49D3-9106-4E5100E354A1}"
EndProject
Project("{2150E333-8FDC-42A3-9474-1A3956D46DE8}") = "01. ReportManager", "01. ReportManager", "{661858F1-7D3D-450D-9CC6-85C6462FCCCD}"
EndProject
Project("{2150E333-8FDC-42A3-9474-1A3956D46DE8}") = "03. QueryGenerator", "03. QueryGenerator", "{4332F07B-DA04-4B5B-BE38-5BE61456EFD8}"
EndProject
Project("{2150E333-8FDC-42A3-9474-1A3956D46DE8}") = "04. ExcelGenerator", "04. ExcelGenerator", "{8F325D77-0DAF-4F78-9E4F-1BEDA5744010}"
EndProject
Project("{2150E333-8FDC-42A3-9474-1A3956D46DE8}") = "02. ReportAdapter", "02. ReportAdapter", "{9587BB37-E1BF-4536-AC30-5B12FD137CAC}"
EndProject
Project("{2150E333-8FDC-42A3-9474-1A3956D46DE8}") = "05. Tests", "05. Tests", "{AE0D73FC-9926-44D8-8F62-BA0F94E9997D}"
EndProject
Project("{FAE04EC0-301F-11D3-BF4B-00C04F79EFBC}") = "Arash.ConsoleTest.ExcelGenerator", "Arash.ConsoleTest.ExcelGenerator\Arash.ConsoleTest.ExcelGenerator.csproj", "{71A107D7-AC57-4C6A-9BB3-E3CE69DC2F70}"
EndProject
Project("{FAE04EC0-301F-11D3-BF4B-00C04F79EFBC}") = "Arash.Home.QueryGenerator.ConsoleTest", "Arash.Home.QueryGenerator.ConsoleTest\Arash.Home.QueryGenerator.ConsoleTest.csproj", "{7CE747D3-1295-4A76-B63B-7DC1A039EB29}"
EndProject
Project("{FAE04EC0-301F-11D3-BF4B-00C04F79EFBC}") = "Arash.Home.ReportAdapter", "Arash.Home.ReportAdapter\Arash.Home.ReportAdapter.csproj", "{E009DF9A-759F-4C05-A853-6ED233202DBF}"
EndProject
Project("{FAE04EC0-301F-11D3-BF4B-00C04F79EFBC}") = "Arash.Home.ReportAdapter.Test", "Arash.Home.ReportAdapter.Test\Arash.Home.ReportAdapter.Test.csproj", "{87487031-02B8-4344-9D6D-4838575C2B40}"
EndProject
Project("{FAE04EC0-301F-11D3-BF4B-00C04F79EFBC}") = "Arash.Home.DynamicReports.DbTest", "Arash.Home.DynamicReports.DbTest\Arash.Home.DynamicReports.DbTest.csproj", "{9ED4AF65-DB27-4A09-AE74-DDF9BF3ED1CF}"
EndProject
Global
	GlobalSection(SolutionConfigurationPlatforms) = preSolution
		Debug|Any CPU = Debug|Any CPU
		Release|Any CPU = Release|Any CPU
	EndGlobalSection
	GlobalSection(ProjectConfigurationPlatforms) = postSolution
		{C14C33F8-B58B-482B-B969-E569F5C540CA}.Debug|Any CPU.ActiveCfg = Debug|Any CPU
		{C14C33F8-B58B-482B-B969-E569F5C540CA}.Debug|Any CPU.Build.0 = Debug|Any CPU
		{C14C33F8-B58B-482B-B969-E569F5C540CA}.Release|Any CPU.ActiveCfg = Release|Any CPU
		{C14C33F8-B58B-482B-B969-E569F5C540CA}.Release|Any CPU.Build.0 = Release|Any CPU
		{156E50F9-A76B-49D3-9106-4E5100E354A1}.Debug|Any CPU.ActiveCfg = Debug|Any CPU
		{156E50F9-A76B-49D3-9106-4E5100E354A1}.Debug|Any CPU.Build.0 = Debug|Any CPU
		{156E50F9-A76B-49D3-9106-4E5100E354A1}.Release|Any CPU.ActiveCfg = Release|Any CPU
		{156E50F9-A76B-49D3-9106-4E5100E354A1}.Release|Any CPU.Build.0 = Release|Any CPU
		{71A107D7-AC57-4C6A-9BB3-E3CE69DC2F70}.Debug|Any CPU.ActiveCfg = Debug|Any CPU
		{71A107D7-AC57-4C6A-9BB3-E3CE69DC2F70}.Debug|Any CPU.Build.0 = Debug|Any CPU
		{71A107D7-AC57-4C6A-9BB3-E3CE69DC2F70}.Release|Any CPU.ActiveCfg = Release|Any CPU
		{71A107D7-AC57-4C6A-9BB3-E3CE69DC2F70}.Release|Any CPU.Build.0 = Release|Any CPU
		{7CE747D3-1295-4A76-B63B-7DC1A039EB29}.Debug|Any CPU.ActiveCfg = Debug|Any CPU
		{7CE747D3-1295-4A76-B63B-7DC1A039EB29}.Debug|Any CPU.Build.0 = Debug|Any CPU
		{7CE747D3-1295-4A76-B63B-7DC1A039EB29}.Release|Any CPU.ActiveCfg = Release|Any CPU
		{7CE747D3-1295-4A76-B63B-7DC1A039EB29}.Release|Any CPU.Build.0 = Release|Any CPU
		{E009DF9A-759F-4C05-A853-6ED233202DBF}.Debug|Any CPU.ActiveCfg = Debug|Any CPU
		{E009DF9A-759F-4C05-A853-6ED233202DBF}.Debug|Any CPU.Build.0 = Debug|Any CPU
		{E009DF9A-759F-4C05-A853-6ED233202DBF}.Release|Any CPU.ActiveCfg = Release|Any CPU
		{E009DF9A-759F-4C05-A853-6ED233202DBF}.Release|Any CPU.Build.0 = Release|Any CPU
		{87487031-02B8-4344-9D6D-4838575C2B40}.Debug|Any CPU.ActiveCfg = Debug|Any CPU
		{87487031-02B8-4344-9D6D-4838575C2B40}.Debug|Any CPU.Build.0 = Debug|Any CPU
		{87487031-02B8-4344-9D6D-4838575C2B40}.Release|Any CPU.ActiveCfg = Release|Any CPU
		{87487031-02B8-4344-9D6D-4838575C2B40}.Release|Any CPU.Build.0 = Release|Any CPU
		{9ED4AF65-DB27-4A09-AE74-DDF9BF3ED1CF}.Debug|Any CPU.ActiveCfg = Debug|Any CPU
		{9ED4AF65-DB27-4A09-AE74-DDF9BF3ED1CF}.Debug|Any CPU.Build.0 = Debug|Any CPU
		{9ED4AF65-DB27-4A09-AE74-DDF9BF3ED1CF}.Release|Any CPU.ActiveCfg = Release|Any CPU
		{9ED4AF65-DB27-4A09-AE74-DDF9BF3ED1CF}.Release|Any CPU.Build.0 = Release|Any CPU
	EndGlobalSection
	GlobalSection(SolutionProperties) = preSolution
		HideSolutionNode = FALSE
	EndGlobalSection
	GlobalSection(NestedProjects) = preSolution
		{C14C33F8-B58B-482B-B969-E569F5C540CA} = {4332F07B-DA04-4B5B-BE38-5BE61456EFD8}
		{156E50F9-A76B-49D3-9106-4E5100E354A1} = {8F325D77-0DAF-4F78-9E4F-1BEDA5744010}
		{71A107D7-AC57-4C6A-9BB3-E3CE69DC2F70} = {8F325D77-0DAF-4F78-9E4F-1BEDA5744010}
		{7CE747D3-1295-4A76-B63B-7DC1A039EB29} = {4332F07B-DA04-4B5B-BE38-5BE61456EFD8}
		{E009DF9A-759F-4C05-A853-6ED233202DBF} = {9587BB37-E1BF-4536-AC30-5B12FD137CAC}
		{87487031-02B8-4344-9D6D-4838575C2B40} = {9587BB37-E1BF-4536-AC30-5B12FD137CAC}
		{9ED4AF65-DB27-4A09-AE74-DDF9BF3ED1CF} = {AE0D73FC-9926-44D8-8F62-BA0F94E9997D}
	EndGlobalSection
	GlobalSection(ExtensibilityGlobals) = postSolution
		SolutionGuid = {866177DD-D27B-4AA1-8304-6085C305FC2A}
	EndGlobalSection
EndGlobal
