
Microsoft Visual Studio Solution File, Format Version 12.00
# Visual Studio Version 17
VisualStudioVersion = 17.2.32427.441
MinimumVisualStudioVersion = 10.0.40219.1
Project("{9A19103F-16F7-4668-BE54-9A1E7A4F7556}") = "Arash.Home.QueryGenerator", "Arash.Home.QueryGenerator\Arash.Home.QueryGenerator.csproj", "{C14C33F8-B58B-482B-B969-E569F5C540CA}"
EndProject
Project("{9A19103F-16F7-4668-BE54-9A1E7A4F7556}") = "Arash.Home.QueryGenerator.Test", "ConsoleApp1\Arash.Home.QueryGenerator.Test.csproj", "{2ACCDB3E-A7AE-4540-9ED1-B8D59C36C8A6}"
EndProject
Global
	GlobalSection(SolutionConfigurationPlatforms) = preSolution
		Debug|Any CPU = Debug|Any CPU
		Release|Any CPU = Release|Any CPU
	EndGlobalSection
	GlobalSection(ProjectConfigurationPlatforms) = postSolution
		{C14C33F8-B58B-482B-B969-E569F5C540CA}.Debug|Any CPU.ActiveCfg = Debug|Any CPU
		{C14C33F8-B58B-482B-B969-E569F5C540CA}.Debug|Any CPU.Build.0 = Debug|Any CPU
		{C14C33F8-B58B-482B-B969-E569F5C540CA}.Release|Any CPU.ActiveCfg = Release|Any CPU
		{C14C33F8-B58B-482B-B969-E569F5C540CA}.Release|Any CPU.Build.0 = Release|Any CPU
		{2ACCDB3E-A7AE-4540-9ED1-B8D59C36C8A6}.Debug|Any CPU.ActiveCfg = Debug|Any CPU
		{2ACCDB3E-A7AE-4540-9ED1-B8D59C36C8A6}.Debug|Any CPU.Build.0 = Debug|Any CPU
		{2ACCDB3E-A7AE-4540-9ED1-B8D59C36C8A6}.Release|Any CPU.ActiveCfg = Release|Any CPU
		{2ACCDB3E-A7AE-4540-9ED1-B8D59C36C8A6}.Release|Any CPU.Build.0 = Release|Any CPU
	EndGlobalSection
	GlobalSection(SolutionProperties) = preSolution
		HideSolutionNode = FALSE
	EndGlobalSection
	GlobalSection(ExtensibilityGlobals) = postSolution
		SolutionGuid = {866177DD-D27B-4AA1-8304-6085C305FC2A}
	EndGlobalSection
EndGlobal
